
Microsoft Visual Studio Solution File, Format Version 12.00
# Visual Studio Version 17
VisualStudioVersion = 17.5.002.0
MinimumVisualStudioVersion = 10.0.40219.1
Project("{9A19103F-16F7-4668-BE54-9A1E7A4F7556}") = "Bibliofy", "Bibliofy.csproj", "{00F21592-0359-401A-BFE9-AA7D42B08D6E}"
EndProject
Global
	GlobalSection(SolutionConfigurationPlatforms) = preSolution
		Debug|Any CPU = Debug|Any CPU
		Release|Any CPU = Release|Any CPU
	EndGlobalSection
	GlobalSection(ProjectConfigurationPlatforms) = postSolution
		{00F21592-0359-401A-BFE9-AA7D42B08D6E}.Debug|Any CPU.ActiveCfg = Debug|Any CPU
		{00F21592-0359-401A-BFE9-AA7D42B08D6E}.Debug|Any CPU.Build.0 = Debug|Any CPU
		{00F21592-0359-401A-BFE9-AA7D42B08D6E}.Release|Any CPU.ActiveCfg = Release|Any CPU
		{00F21592-0359-401A-BFE9-AA7D42B08D6E}.Release|Any CPU.Build.0 = Release|Any CPU
	EndGlobalSection
	GlobalSection(SolutionProperties) = preSolution
		HideSolutionNode = FALSE
	EndGlobalSection
	GlobalSection(ExtensibilityGlobals) = postSolution
		SolutionGuid = {B9469F85-4633-458A-A974-BD91CC506B32}
	EndGlobalSection
EndGlobal
